<?xml version="1.0" encoding="utf-8"?>
<Project ToolsVersion="4.0" xmlns="http://schemas.microsoft.com/developer/msbuild/2003">
  <ItemGroup>
    <Filter Include="Core">
      <UniqueIdentifier>{2EB4837C-1AEB-840D-C3D7-6A10AFED000F}</UniqueIdentifier>
    </Filter>
    <Filter Include="Core\Entity">
      <UniqueIdentifier>{BA809273-2636-0B69-AF2A-05401BDF016D}</UniqueIdentifier>
    </Filter>
    <Filter Include="Core\Input">
      <UniqueIdentifier>{AD4E7BCD-9906-BD1A-020E-9676EEE4570B}</UniqueIdentifier>
    </Filter>
  </ItemGroup>
  <ItemGroup>
    <ClInclude Include="src\Core\Entity\CameraOrthographic.h">
      <Filter>Core\Entity</Filter>
    </ClInclude>
    <ClInclude Include="src\Core\Entity\CameraPerspective.h">
      <Filter>Core\Entity</Filter>
    </ClInclude>
    <ClInclude Include="src\Core\Entity\ICamera.h">
      <Filter>Core\Entity</Filter>
    </ClInclude>
    <ClInclude Include="src\Core\Input\InputManager.h">
      <Filter>Core\Input</Filter>
    </ClInclude>
    <ClInclude Include="src\Core\Input\KeyCodes.h">
      <Filter>Core\Input</Filter>
    </ClInclude>
    <ClInclude Include="src\Core\Input\Keyboard.h">
      <Filter>Core\Input</Filter>
    </ClInclude>
    <ClInclude Include="src\Core\Input\KeyboardEvent.h">
      <Filter>Core\Input</Filter>
    </ClInclude>
    <ClInclude Include="src\Core\Input\Mouse.h">
      <Filter>Core\Input</Filter>
    </ClInclude>
    <ClInclude Include="src\Core\Input\MouseEvent.h">
      <Filter>Core\Input</Filter>
    </ClInclude>
    <ClInclude Include="src\Core\Log.h">
      <Filter>Core</Filter>
    </ClInclude>
    <ClInclude Include="src\Core\TimerEngine.h">
      <Filter>Core</Filter>
    </ClInclude>
    <ClInclude Include="src\Core\TimerProfile.h">
      <Filter>Core</Filter>
    </ClInclude>
    <ClInclude Include="src\EntryPoint.h" />
    <ClInclude Include="src\TruthEngine.Core.h" />
    <ClInclude Include="src\TruthEngine.h" />
    <ClInclude Include="src\TruthEngineApp.h" />
    <ClInclude Include="src\pch.h" />
  </ItemGroup>
  <ItemGroup>
    <ClCompile Include="src\Core\Entity\CameraOrthographic.cpp">
      <Filter>Core\Entity</Filter>
    </ClCompile>
    <ClCompile Include="src\Core\Entity\CameraPerspective.cpp">
      <Filter>Core\Entity</Filter>
    </ClCompile>
    <ClCompile Include="src\Core\Entity\ICamera.cpp">
      <Filter>Core\Entity</Filter>
    </ClCompile>
    <ClCompile Include="src\Core\Input\InputManager.cpp">
      <Filter>Core\Input</Filter>
    </ClCompile>
    <ClCompile Include="src\Core\Input\Keyboard.cpp">
      <Filter>Core\Input</Filter>
    </ClCompile>
    <ClCompile Include="src\Core\Input\KeyboardEvent.cpp">
      <Filter>Core\Input</Filter>
    </ClCompile>
    <ClCompile Include="src\Core\Input\Mouse.cpp">
      <Filter>Core\Input</Filter>
    </ClCompile>
    <ClCompile Include="src\Core\Input\MouseEvent.cpp">
      <Filter>Core\Input</Filter>
    </ClCompile>
    <ClCompile Include="src\Core\Log.cpp">
      <Filter>Core</Filter>
    </ClCompile>
    <ClCompile Include="src\Core\TimerEngine.cpp">
      <Filter>Core</Filter>
    </ClCompile>
    <ClCompile Include="src\Core\TimerProfile.cpp">
      <Filter>Core</Filter>
    </ClCompile>
    <ClCompile Include="src\TruthEngineApp.cpp" />
    <ClCompile Include="src\pch.cpp" />
  </ItemGroup>
</Project>