<?xml version="1.0" encoding="utf-8"?>
<Project ToolsVersion="4.0" xmlns="http://schemas.microsoft.com/developer/msbuild/2003">
  <ItemGroup>
    <Filter Include="API">
      <UniqueIdentifier>{FFD1870B-6BDB-877C-F456-9E7C605F937C}</UniqueIdentifier>
    </Filter>
    <Filter Include="API\DX12">
      <UniqueIdentifier>{AD2F5F34-99FC-B93F-C215-A8E7AE41EFCD}</UniqueIdentifier>
    </Filter>
    <Filter Include="Core">
      <UniqueIdentifier>{2EB4837C-1AEB-840D-C3D7-6A10AFED000F}</UniqueIdentifier>
    </Filter>
    <Filter Include="Core\Entity">
      <UniqueIdentifier>{BA809273-2636-0B69-AF2A-05401BDF016D}</UniqueIdentifier>
    </Filter>
    <Filter Include="Core\Entity\Camera">
      <UniqueIdentifier>{F2BFEAD2-DEA3-AB28-4704-A67B330796AA}</UniqueIdentifier>
    </Filter>
    <Filter Include="Core\Entity\Components">
      <UniqueIdentifier>{8F3D0171-7B37-2AC3-64A4-C0D3503D902F}</UniqueIdentifier>
    </Filter>
    <Filter Include="Core\Entity\Light">
      <UniqueIdentifier>{E1B77FD8-4DCE-7D6E-9645-0990029B4EF6}</UniqueIdentifier>
    </Filter>
    <Filter Include="Core\Entity\Model">
      <UniqueIdentifier>{7A0D95D8-E623-936E-2F9B-1E909BF063F6}</UniqueIdentifier>
    </Filter>
    <Filter Include="Core\Event">
      <UniqueIdentifier>{FF1F37CD-EBD7-781A-54DF-517640B6130B}</UniqueIdentifier>
    </Filter>
    <Filter Include="Core\Helper">
      <UniqueIdentifier>{DDD6EA79-498C-636F-D280-5D463E355A73}</UniqueIdentifier>
    </Filter>
    <Filter Include="Core\Helper\SysInfo">
      <UniqueIdentifier>{F74A91D1-63AC-6EDF-EC19-B591587AA59E}</UniqueIdentifier>
    </Filter>
    <Filter Include="Core\ImGui">
      <UniqueIdentifier>{D8137ACD-C4CB-BB1A-2DD3-947619AA560B}</UniqueIdentifier>
    </Filter>
    <Filter Include="Core\Input">
      <UniqueIdentifier>{AD4E7BCD-9906-BD1A-020E-9676EEE4570B}</UniqueIdentifier>
    </Filter>
    <Filter Include="Core\PhysicEngine">
      <UniqueIdentifier>{630C3CE5-CF22-3A7B-189A-C59C84EF0A03}</UniqueIdentifier>
    </Filter>
    <Filter Include="Core\Renderer">
      <UniqueIdentifier>{948B5FDE-004C-DB14-C986-2492350620F1}</UniqueIdentifier>
    </Filter>
    <Filter Include="Core\Renderer\RenderPass">
      <UniqueIdentifier>{3AAFC37B-26D4-12FC-4F1F-F88B3BA3111A}</UniqueIdentifier>
    </Filter>
    <Filter Include="Platform">
      <UniqueIdentifier>{2AC788B4-1694-E3BF-3FAD-D1672BD9184E}</UniqueIdentifier>
    </Filter>
    <Filter Include="Platform\Windows">
      <UniqueIdentifier>{64FBD71A-50F4-F66C-7926-DCF1657ED678}</UniqueIdentifier>
    </Filter>
  </ItemGroup>
  <ItemGroup>
    <ClInclude Include="src\API\DX12\DirectX12BufferManager.h">
      <Filter>API\DX12</Filter>
    </ClInclude>
    <ClInclude Include="src\API\DX12\DirectX12CommandAllocator.h">
      <Filter>API\DX12</Filter>
    </ClInclude>
    <ClInclude Include="src\API\DX12\DirectX12CommandList.h">
      <Filter>API\DX12</Filter>
    </ClInclude>
    <ClInclude Include="src\API\DX12\DirectX12CommandQueue.h">
      <Filter>API\DX12</Filter>
    </ClInclude>
    <ClInclude Include="src\API\DX12\DirectX12DescriptorHeap.h">
      <Filter>API\DX12</Filter>
    </ClInclude>
    <ClInclude Include="src\API\DX12\DirectX12Fence.h">
      <Filter>API\DX12</Filter>
    </ClInclude>
    <ClInclude Include="src\API\DX12\DirectX12GraphicDevice.h">
      <Filter>API\DX12</Filter>
    </ClInclude>
    <ClInclude Include="src\API\DX12\DirectX12ImGuiLayer.h">
      <Filter>API\DX12</Filter>
    </ClInclude>
    <ClInclude Include="src\API\DX12\DirectX12Manager.h">
      <Filter>API\DX12</Filter>
    </ClInclude>
    <ClInclude Include="src\API\DX12\DirectX12PipelineManager.h">
      <Filter>API\DX12</Filter>
    </ClInclude>
    <ClInclude Include="src\API\DX12\DirectX12ShaderManager.h">
      <Filter>API\DX12</Filter>
    </ClInclude>
    <ClInclude Include="src\API\DX12\DirectX12SwapChain.h">
      <Filter>API\DX12</Filter>
    </ClInclude>
    <ClInclude Include="src\API\DX12\DirectX12TextureMaterialManager.h">
      <Filter>API\DX12</Filter>
    </ClInclude>
    <ClInclude Include="src\API\IDXGI.h">
      <Filter>API</Filter>
    </ClInclude>
    <ClInclude Include="src\Core\Application.h">
      <Filter>Core</Filter>
    </ClInclude>
    <ClInclude Include="src\Core\Core.h">
      <Filter>Core</Filter>
    </ClInclude>
    <ClInclude Include="src\Core\Entity\Camera\Camera.h">
      <Filter>Core\Entity\Camera</Filter>
    </ClInclude>
    <ClInclude Include="src\Core\Entity\Camera\CameraController.h">
      <Filter>Core\Entity\Camera</Filter>
    </ClInclude>
    <ClInclude Include="src\Core\Entity\Camera\CameraManager.h">
      <Filter>Core\Entity\Camera</Filter>
    </ClInclude>
    <ClInclude Include="src\Core\Entity\Camera\CameraOrthographic.h">
      <Filter>Core\Entity\Camera</Filter>
    </ClInclude>
    <ClInclude Include="src\Core\Entity\Camera\CameraPerspective.h">
      <Filter>Core\Entity\Camera</Filter>
    </ClInclude>
    <ClInclude Include="src\Core\Entity\Camera\ICamera.h">
      <Filter>Core\Entity\Camera</Filter>
    </ClInclude>
    <ClInclude Include="src\Core\Entity\Components.h">
      <Filter>Core\Entity</Filter>
    </ClInclude>
    <ClInclude Include="src\Core\Entity\Components\BoundingBoxComponent.h">
      <Filter>Core\Entity\Components</Filter>
    </ClInclude>
    <ClInclude Include="src\Core\Entity\Components\CameraComponent.h">
      <Filter>Core\Entity\Components</Filter>
    </ClInclude>
    <ClInclude Include="src\Core\Entity\Components\LightComponent.h">
      <Filter>Core\Entity\Components</Filter>
    </ClInclude>
    <ClInclude Include="src\Core\Entity\Components\MaterialComponent.h">
      <Filter>Core\Entity\Components</Filter>
    </ClInclude>
    <ClInclude Include="src\Core\Entity\Components\MeshComponent.h">
      <Filter>Core\Entity\Components</Filter>
    </ClInclude>
    <ClInclude Include="src\Core\Entity\Components\ModelComponent.h">
      <Filter>Core\Entity\Components</Filter>
    </ClInclude>
    <ClInclude Include="src\Core\Entity\Components\PhysicsComponent.h">
      <Filter>Core\Entity\Components</Filter>
    </ClInclude>
    <ClInclude Include="src\Core\Entity\Components\TagComponent.h">
      <Filter>Core\Entity\Components</Filter>
    </ClInclude>
    <ClInclude Include="src\Core\Entity\Components\TransformComponent.h">
      <Filter>Core\Entity\Components</Filter>
    </ClInclude>
    <ClInclude Include="src\Core\Entity\Entity.h">
      <Filter>Core\Entity</Filter>
    </ClInclude>
    <ClInclude Include="src\Core\Entity\EntityTree.h">
      <Filter>Core\Entity</Filter>
    </ClInclude>
    <ClInclude Include="src\Core\Entity\Light\ILight.h">
      <Filter>Core\Entity\Light</Filter>
    </ClInclude>
    <ClInclude Include="src\Core\Entity\Light\LightDirectional.h">
      <Filter>Core\Entity\Light</Filter>
    </ClInclude>
    <ClInclude Include="src\Core\Entity\Light\LightManager.h">
      <Filter>Core\Entity\Light</Filter>
    </ClInclude>
    <ClInclude Include="src\Core\Entity\Model\AssimpLib.h">
      <Filter>Core\Entity\Model</Filter>
    </ClInclude>
    <ClInclude Include="src\Core\Entity\Model\Mesh.h">
      <Filter>Core\Entity\Model</Filter>
    </ClInclude>
    <ClInclude Include="src\Core\Entity\Model\Model.h">
      <Filter>Core\Entity\Model</Filter>
    </ClInclude>
    <ClInclude Include="src\Core\Entity\Model\Model2D.h">
      <Filter>Core\Entity\Model</Filter>
    </ClInclude>
    <ClInclude Include="src\Core\Entity\Model\Model3D.h">
      <Filter>Core\Entity\Model</Filter>
    </ClInclude>
    <ClInclude Include="src\Core\Entity\Model\ModelManager.h">
      <Filter>Core\Entity\Model</Filter>
    </ClInclude>
    <ClInclude Include="src\Core\Entity\Scene.h">
      <Filter>Core\Entity</Filter>
    </ClInclude>
    <ClInclude Include="src\Core\EntryPoint.h">
      <Filter>Core</Filter>
    </ClInclude>
    <ClInclude Include="src\Core\Event\Event.h">
      <Filter>Core\Event</Filter>
    </ClInclude>
    <ClInclude Include="src\Core\Event\EventApplication.h">
      <Filter>Core\Event</Filter>
    </ClInclude>
    <ClInclude Include="src\Core\Event\EventEntity.h">
      <Filter>Core\Event</Filter>
    </ClInclude>
    <ClInclude Include="src\Core\Event\EventKey.h">
      <Filter>Core\Event</Filter>
    </ClInclude>
    <ClInclude Include="src\Core\Event\EventMouse.h">
      <Filter>Core\Event</Filter>
    </ClInclude>
    <ClInclude Include="src\Core\Helper\HardwareInfo.h">
      <Filter>Core\Helper</Filter>
    </ClInclude>
    <ClInclude Include="src\Core\Helper\MathHelper.h">
      <Filter>Core\Helper</Filter>
    </ClInclude>
    <ClInclude Include="src\Core\Helper\MeshGenerator.h">
      <Filter>Core\Helper</Filter>
    </ClInclude>
    <ClInclude Include="src\Core\Helper\SysInfo\cpuinfo.h">
      <Filter>Core\Helper\SysInfo</Filter>
    </ClInclude>
    <ClInclude Include="src\Core\Helper\SysInfo\cpuinfodelegate.h">
      <Filter>Core\Helper\SysInfo</Filter>
    </ClInclude>
    <ClInclude Include="src\Core\Helper\SysInfo\gpuinfo.h">
      <Filter>Core\Helper\SysInfo</Filter>
    </ClInclude>
    <ClInclude Include="src\Core\Helper\SysInfo\gpuinfodelegate.h">
      <Filter>Core\Helper\SysInfo</Filter>
    </ClInclude>
    <ClInclude Include="src\Core\Helper\SysInfo\motherboardinfo.h">
      <Filter>Core\Helper\SysInfo</Filter>
    </ClInclude>
    <ClInclude Include="src\Core\Helper\SysInfo\motherboardinfodelegate.h">
      <Filter>Core\Helper\SysInfo</Filter>
    </ClInclude>
    <ClInclude Include="src\Core\Helper\SysInfo\osinfo.h">
      <Filter>Core\Helper\SysInfo</Filter>
    </ClInclude>
    <ClInclude Include="src\Core\Helper\SysInfo\osinfodelegate.h">
      <Filter>Core\Helper\SysInfo</Filter>
    </ClInclude>
    <ClInclude Include="src\Core\Helper\SysInfo\raminfo.h">
      <Filter>Core\Helper\SysInfo</Filter>
    </ClInclude>
    <ClInclude Include="src\Core\Helper\SysInfo\raminfodelegate.h">
      <Filter>Core\Helper\SysInfo</Filter>
    </ClInclude>
    <ClInclude Include="src\Core\Helper\SysInfo\systemcommand.h">
      <Filter>Core\Helper\SysInfo</Filter>
    </ClInclude>
    <ClInclude Include="src\Core\Helper\SysInfo\systeminfo.h">
      <Filter>Core\Helper\SysInfo</Filter>
    </ClInclude>
    <ClInclude Include="src\Core\ImGui\ImGuiLayer.h">
      <Filter>Core\ImGui</Filter>
    </ClInclude>
    <ClInclude Include="src\Core\Input\InputManager.h">
      <Filter>Core\Input</Filter>
    </ClInclude>
    <ClInclude Include="src\Core\Input\KeyCodes.h">
      <Filter>Core\Input</Filter>
    </ClInclude>
    <ClInclude Include="src\Core\Input\Mouse.h">
      <Filter>Core\Input</Filter>
    </ClInclude>
    <ClInclude Include="src\Core\Input\MouseButtons.h">
      <Filter>Core\Input</Filter>
    </ClInclude>
    <ClInclude Include="src\Core\Layer.h">
      <Filter>Core</Filter>
    </ClInclude>
    <ClInclude Include="src\Core\LayerStack.h">
      <Filter>Core</Filter>
    </ClInclude>
    <ClInclude Include="src\Core\Log.h">
      <Filter>Core</Filter>
    </ClInclude>
    <ClInclude Include="src\Core\PhysicEngine\PhysicsEngine.h">
      <Filter>Core\PhysicEngine</Filter>
    </ClInclude>
    <ClInclude Include="src\Core\Renderer\Buffer.h">
      <Filter>Core\Renderer</Filter>
    </ClInclude>
    <ClInclude Include="src\Core\Renderer\BufferManager.h">
      <Filter>Core\Renderer</Filter>
    </ClInclude>
    <ClInclude Include="src\Core\Renderer\CommandList.h">
      <Filter>Core\Renderer</Filter>
    </ClInclude>
    <ClInclude Include="src\Core\Renderer\ConstantBuffer.h">
      <Filter>Core\Renderer</Filter>
    </ClInclude>
    <ClInclude Include="src\Core\Renderer\ConstantBufferStructs.h">
      <Filter>Core\Renderer</Filter>
    </ClInclude>
    <ClInclude Include="src\Core\Renderer\GraphicDevice.h">
      <Filter>Core\Renderer</Filter>
    </ClInclude>
    <ClInclude Include="src\Core\Renderer\GraphicResouceConstants.h">
      <Filter>Core\Renderer</Filter>
    </ClInclude>
    <ClInclude Include="src\Core\Renderer\GraphicResource.h">
      <Filter>Core\Renderer</Filter>
    </ClInclude>
    <ClInclude Include="src\Core\Renderer\IndexBuffer.h">
      <Filter>Core\Renderer</Filter>
    </ClInclude>
    <ClInclude Include="src\Core\Renderer\Material.h">
      <Filter>Core\Renderer</Filter>
    </ClInclude>
    <ClInclude Include="src\Core\Renderer\MaterialManager.h">
      <Filter>Core\Renderer</Filter>
    </ClInclude>
    <ClInclude Include="src\Core\Renderer\Pipeline.h">
      <Filter>Core\Renderer</Filter>
    </ClInclude>
    <ClInclude Include="src\Core\Renderer\PipelineState.h">
      <Filter>Core\Renderer</Filter>
    </ClInclude>
    <ClInclude Include="src\Core\Renderer\RenderPass.h">
      <Filter>Core\Renderer</Filter>
    </ClInclude>
    <ClInclude Include="src\Core\Renderer\RenderPass\RenderPass_ForwardRendering.h">
      <Filter>Core\Renderer\RenderPass</Filter>
    </ClInclude>
    <ClInclude Include="src\Core\Renderer\RenderPass\RenderPass_GenerateShadowMap.h">
      <Filter>Core\Renderer\RenderPass</Filter>
    </ClInclude>
    <ClInclude Include="src\Core\Renderer\RenderPassStack.h">
      <Filter>Core\Renderer</Filter>
    </ClInclude>
    <ClInclude Include="src\Core\Renderer\RendererCommand.h">
      <Filter>Core\Renderer</Filter>
    </ClInclude>
    <ClInclude Include="src\Core\Renderer\RendererIDX.h">
      <Filter>Core\Renderer</Filter>
    </ClInclude>
    <ClInclude Include="src\Core\Renderer\RendererLayer.h">
      <Filter>Core\Renderer</Filter>
    </ClInclude>
    <ClInclude Include="src\Core\Renderer\Shader.h">
      <Filter>Core\Renderer</Filter>
    </ClInclude>
    <ClInclude Include="src\Core\Renderer\ShaderInputLayout.h">
      <Filter>Core\Renderer</Filter>
    </ClInclude>
    <ClInclude Include="src\Core\Renderer\ShaderManager.h">
      <Filter>Core\Renderer</Filter>
    </ClInclude>
    <ClInclude Include="src\Core\Renderer\SwapChain.h">
      <Filter>Core\Renderer</Filter>
    </ClInclude>
    <ClInclude Include="src\Core\Renderer\Texture.h">
      <Filter>Core\Renderer</Filter>
    </ClInclude>
    <ClInclude Include="src\Core\Renderer\TextureDepthStencil.h">
      <Filter>Core\Renderer</Filter>
    </ClInclude>
    <ClInclude Include="src\Core\Renderer\TextureMaterial.h">
      <Filter>Core\Renderer</Filter>
    </ClInclude>
    <ClInclude Include="src\Core\Renderer\TextureMaterialManager.h">
      <Filter>Core\Renderer</Filter>
    </ClInclude>
    <ClInclude Include="src\Core\Renderer\TextureRenderTarget.h">
      <Filter>Core\Renderer</Filter>
    </ClInclude>
    <ClInclude Include="src\Core\Renderer\VertexBuffer.h">
      <Filter>Core\Renderer</Filter>
    </ClInclude>
    <ClInclude Include="src\Core\Renderer\VertexBufferStream.h">
      <Filter>Core\Renderer</Filter>
    </ClInclude>
    <ClInclude Include="src\Core\Renderer\VertexDataStructures.h">
      <Filter>Core\Renderer</Filter>
    </ClInclude>
    <ClInclude Include="src\Core\Renderer\Viewport.h">
      <Filter>Core\Renderer</Filter>
    </ClInclude>
    <ClInclude Include="src\Core\Settings.h">
      <Filter>Core</Filter>
    </ClInclude>
    <ClInclude Include="src\Core\StaticInstances.h">
      <Filter>Core</Filter>
    </ClInclude>
    <ClInclude Include="src\Core\ThreadPool.h">
      <Filter>Core</Filter>
    </ClInclude>
    <ClInclude Include="src\Core\Timer.h">
      <Filter>Core</Filter>
    </ClInclude>
    <ClInclude Include="src\Core\TimerEngine.h">
      <Filter>Core</Filter>
    </ClInclude>
    <ClInclude Include="src\Core\TypeConversions.h">
      <Filter>Core</Filter>
    </ClInclude>
    <ClInclude Include="src\Core\Window.h">
      <Filter>Core</Filter>
    </ClInclude>
    <ClInclude Include="src\Platform\Windows\WindowsWindow.h">
      <Filter>Platform\Windows</Filter>
    </ClInclude>
    <ClInclude Include="src\TruthEngine.h" />
    <ClInclude Include="src\lib.h" />
    <ClInclude Include="src\pch.h" />
    <ClInclude Include="src\Core\Entity\PickingEntity.h" />
  </ItemGroup>
  <ItemGroup>
    <ClCompile Include="src\API\DX12\DirectX12BufferManager.cpp">
      <Filter>API\DX12</Filter>
    </ClCompile>
    <ClCompile Include="src\API\DX12\DirectX12CommandAllocator.cpp">
      <Filter>API\DX12</Filter>
    </ClCompile>
    <ClCompile Include="src\API\DX12\DirectX12CommandList.cpp">
      <Filter>API\DX12</Filter>
    </ClCompile>
    <ClCompile Include="src\API\DX12\DirectX12CommandQueue.cpp">
      <Filter>API\DX12</Filter>
    </ClCompile>
    <ClCompile Include="src\API\DX12\DirectX12DescriptorHeap.cpp">
      <Filter>API\DX12</Filter>
    </ClCompile>
    <ClCompile Include="src\API\DX12\DirectX12Fence.cpp">
      <Filter>API\DX12</Filter>
    </ClCompile>
    <ClCompile Include="src\API\DX12\DirectX12GraphicDevice.cpp">
      <Filter>API\DX12</Filter>
    </ClCompile>
    <ClCompile Include="src\API\DX12\DirectX12ImGuiLayer.cpp">
      <Filter>API\DX12</Filter>
    </ClCompile>
    <ClCompile Include="src\API\DX12\DirectX12Manager.cpp">
      <Filter>API\DX12</Filter>
    </ClCompile>
    <ClCompile Include="src\API\DX12\DirectX12PipelineManager.cpp">
      <Filter>API\DX12</Filter>
    </ClCompile>
    <ClCompile Include="src\API\DX12\DirectX12ShaderManager.cpp">
      <Filter>API\DX12</Filter>
    </ClCompile>
    <ClCompile Include="src\API\DX12\DirectX12SwapChain.cpp">
      <Filter>API\DX12</Filter>
    </ClCompile>
    <ClCompile Include="src\API\DX12\DirectX12TextureMaterialManager.cpp">
      <Filter>API\DX12</Filter>
    </ClCompile>
    <ClCompile Include="src\API\IDXGI.cpp">
      <Filter>API</Filter>
    </ClCompile>
    <ClCompile Include="src\Core\Application.cpp">
      <Filter>Core</Filter>
    </ClCompile>
    <ClCompile Include="src\Core\Entity\Camera\Camera.cpp">
      <Filter>Core\Entity\Camera</Filter>
    </ClCompile>
    <ClCompile Include="src\Core\Entity\Camera\CameraController.cpp">
      <Filter>Core\Entity\Camera</Filter>
    </ClCompile>
    <ClCompile Include="src\Core\Entity\Camera\CameraManager.cpp">
      <Filter>Core\Entity\Camera</Filter>
    </ClCompile>
    <ClCompile Include="src\Core\Entity\Camera\CameraOrthographic.cpp">
      <Filter>Core\Entity\Camera</Filter>
    </ClCompile>
    <ClCompile Include="src\Core\Entity\Camera\CameraPerspective.cpp">
      <Filter>Core\Entity\Camera</Filter>
    </ClCompile>
    <ClCompile Include="src\Core\Entity\Camera\ICamera.cpp">
      <Filter>Core\Entity\Camera</Filter>
    </ClCompile>
    <ClCompile Include="src\Core\Entity\Components\BoundingBoxComponent.cpp">
      <Filter>Core\Entity\Components</Filter>
    </ClCompile>
    <ClCompile Include="src\Core\Entity\Components\CameraComponent.cpp">
      <Filter>Core\Entity\Components</Filter>
    </ClCompile>
    <ClCompile Include="src\Core\Entity\Components\LightComponent.cpp">
      <Filter>Core\Entity\Components</Filter>
    </ClCompile>
    <ClCompile Include="src\Core\Entity\Components\MaterialComponent.cpp">
      <Filter>Core\Entity\Components</Filter>
    </ClCompile>
    <ClCompile Include="src\Core\Entity\Components\MeshComponent.cpp">
      <Filter>Core\Entity\Components</Filter>
    </ClCompile>
    <ClCompile Include="src\Core\Entity\Components\ModelComponent.cpp">
      <Filter>Core\Entity\Components</Filter>
    </ClCompile>
    <ClCompile Include="src\Core\Entity\Components\PhysicsComponent.cpp">
      <Filter>Core\Entity\Components</Filter>
    </ClCompile>
    <ClCompile Include="src\Core\Entity\Components\TagComponent.cpp">
      <Filter>Core\Entity\Components</Filter>
    </ClCompile>
    <ClCompile Include="src\Core\Entity\Components\TransformComponent.cpp">
      <Filter>Core\Entity\Components</Filter>
    </ClCompile>
    <ClCompile Include="src\Core\Entity\Entity.cpp">
      <Filter>Core\Entity</Filter>
    </ClCompile>
    <ClCompile Include="src\Core\Entity\EntityTree.cpp">
      <Filter>Core\Entity</Filter>
    </ClCompile>
    <ClCompile Include="src\Core\Entity\Light\ILight.cpp">
      <Filter>Core\Entity\Light</Filter>
    </ClCompile>
    <ClCompile Include="src\Core\Entity\Light\LightDirectional.cpp">
      <Filter>Core\Entity\Light</Filter>
    </ClCompile>
    <ClCompile Include="src\Core\Entity\Light\LightManager.cpp">
      <Filter>Core\Entity\Light</Filter>
    </ClCompile>
    <ClCompile Include="src\Core\Entity\Model\AssimpLib.cpp">
      <Filter>Core\Entity\Model</Filter>
    </ClCompile>
    <ClCompile Include="src\Core\Entity\Model\Mesh.cpp">
      <Filter>Core\Entity\Model</Filter>
    </ClCompile>
    <ClCompile Include="src\Core\Entity\Model\Model.cpp">
      <Filter>Core\Entity\Model</Filter>
    </ClCompile>
    <ClCompile Include="src\Core\Entity\Model\Model2D.cpp">
      <Filter>Core\Entity\Model</Filter>
    </ClCompile>
    <ClCompile Include="src\Core\Entity\Model\Model3D.cpp">
      <Filter>Core\Entity\Model</Filter>
    </ClCompile>
    <ClCompile Include="src\Core\Entity\Model\ModelManager.cpp">
      <Filter>Core\Entity\Model</Filter>
    </ClCompile>
    <ClCompile Include="src\Core\Entity\Scene.cpp">
      <Filter>Core\Entity</Filter>
    </ClCompile>
    <ClCompile Include="src\Core\Event\Event.cpp">
      <Filter>Core\Event</Filter>
    </ClCompile>
    <ClCompile Include="src\Core\Event\EventApplication.cpp">
      <Filter>Core\Event</Filter>
    </ClCompile>
    <ClCompile Include="src\Core\Event\EventEntity.cpp">
      <Filter>Core\Event</Filter>
    </ClCompile>
    <ClCompile Include="src\Core\Event\EventKey.cpp">
      <Filter>Core\Event</Filter>
    </ClCompile>
    <ClCompile Include="src\Core\Event\EventMouse.cpp">
      <Filter>Core\Event</Filter>
    </ClCompile>
    <ClCompile Include="src\Core\Helper\HardwareInfo.cpp">
      <Filter>Core\Helper</Filter>
    </ClCompile>
    <ClCompile Include="src\Core\Helper\MathHelper.cpp">
      <Filter>Core\Helper</Filter>
    </ClCompile>
    <ClCompile Include="src\Core\Helper\MeshGenerator.cpp">
      <Filter>Core\Helper</Filter>
    </ClCompile>
    <ClCompile Include="src\Core\Helper\SysInfo\cpuinfo.cpp">
      <Filter>Core\Helper\SysInfo</Filter>
    </ClCompile>
    <ClCompile Include="src\Core\Helper\SysInfo\cpuinfodelegate.cpp">
      <Filter>Core\Helper\SysInfo</Filter>
    </ClCompile>
    <ClCompile Include="src\Core\Helper\SysInfo\gpuinfo.cpp">
      <Filter>Core\Helper\SysInfo</Filter>
    </ClCompile>
    <ClCompile Include="src\Core\Helper\SysInfo\gpuinfodelegate.cpp">
      <Filter>Core\Helper\SysInfo</Filter>
    </ClCompile>
    <ClCompile Include="src\Core\Helper\SysInfo\main.cpp">
      <Filter>Core\Helper\SysInfo</Filter>
    </ClCompile>
    <ClCompile Include="src\Core\Helper\SysInfo\motherboardinfo.cpp">
      <Filter>Core\Helper\SysInfo</Filter>
    </ClCompile>
    <ClCompile Include="src\Core\Helper\SysInfo\motherboardinfodelegate.cpp">
      <Filter>Core\Helper\SysInfo</Filter>
    </ClCompile>
    <ClCompile Include="src\Core\Helper\SysInfo\osinfo.cpp">
      <Filter>Core\Helper\SysInfo</Filter>
    </ClCompile>
    <ClCompile Include="src\Core\Helper\SysInfo\osinfodelegate.cpp">
      <Filter>Core\Helper\SysInfo</Filter>
    </ClCompile>
    <ClCompile Include="src\Core\Helper\SysInfo\raminfo.cpp">
      <Filter>Core\Helper\SysInfo</Filter>
    </ClCompile>
    <ClCompile Include="src\Core\Helper\SysInfo\raminfodelegate.cpp">
      <Filter>Core\Helper\SysInfo</Filter>
    </ClCompile>
    <ClCompile Include="src\Core\Helper\SysInfo\systemcommand.cpp">
      <Filter>Core\Helper\SysInfo</Filter>
    </ClCompile>
    <ClCompile Include="src\Core\ImGui\ImGuiLayer.cpp">
      <Filter>Core\ImGui</Filter>
    </ClCompile>
    <ClCompile Include="src\Core\Input\InputManager.cpp">
      <Filter>Core\Input</Filter>
    </ClCompile>
    <ClCompile Include="src\Core\Input\Mouse.cpp">
      <Filter>Core\Input</Filter>
    </ClCompile>
    <ClCompile Include="src\Core\Layer.cpp">
      <Filter>Core</Filter>
    </ClCompile>
    <ClCompile Include="src\Core\LayerStack.cpp">
      <Filter>Core</Filter>
    </ClCompile>
    <ClCompile Include="src\Core\Log.cpp">
      <Filter>Core</Filter>
    </ClCompile>
    <ClCompile Include="src\Core\PhysicEngine\PhysicsEngine.cpp">
      <Filter>Core\PhysicEngine</Filter>
    </ClCompile>
    <ClCompile Include="src\Core\Renderer\Buffer.cpp">
      <Filter>Core\Renderer</Filter>
    </ClCompile>
    <ClCompile Include="src\Core\Renderer\BufferManager.cpp">
      <Filter>Core\Renderer</Filter>
    </ClCompile>
    <ClCompile Include="src\Core\Renderer\CommandList.cpp">
      <Filter>Core\Renderer</Filter>
    </ClCompile>
    <ClCompile Include="src\Core\Renderer\ConstantBuffer.cpp">
      <Filter>Core\Renderer</Filter>
    </ClCompile>
    <ClCompile Include="src\Core\Renderer\GraphicResource.cpp">
      <Filter>Core\Renderer</Filter>
    </ClCompile>
    <ClCompile Include="src\Core\Renderer\IndexBuffer.cpp">
      <Filter>Core\Renderer</Filter>
    </ClCompile>
    <ClCompile Include="src\Core\Renderer\Material.cpp">
      <Filter>Core\Renderer</Filter>
    </ClCompile>
    <ClCompile Include="src\Core\Renderer\MaterialManager.cpp">
      <Filter>Core\Renderer</Filter>
    </ClCompile>
    <ClCompile Include="src\Core\Renderer\Pipeline.cpp">
      <Filter>Core\Renderer</Filter>
    </ClCompile>
    <ClCompile Include="src\Core\Renderer\PipelineState.cpp">
      <Filter>Core\Renderer</Filter>
    </ClCompile>
    <ClCompile Include="src\Core\Renderer\RenderPass.cpp">
      <Filter>Core\Renderer</Filter>
    </ClCompile>
    <ClCompile Include="src\Core\Renderer\RenderPass\RenderPass_ForwardRendering.cpp">
      <Filter>Core\Renderer\RenderPass</Filter>
    </ClCompile>
    <ClCompile Include="src\Core\Renderer\RenderPass\RenderPass_GenerateShadowMap.cpp">
      <Filter>Core\Renderer\RenderPass</Filter>
    </ClCompile>
    <ClCompile Include="src\Core\Renderer\RenderPassStack.cpp">
      <Filter>Core\Renderer</Filter>
    </ClCompile>
    <ClCompile Include="src\Core\Renderer\RendererCommand.cpp">
      <Filter>Core\Renderer</Filter>
    </ClCompile>
    <ClCompile Include="src\Core\Renderer\RendererLayer.cpp">
      <Filter>Core\Renderer</Filter>
    </ClCompile>
    <ClCompile Include="src\Core\Renderer\Shader.cpp">
      <Filter>Core\Renderer</Filter>
    </ClCompile>
    <ClCompile Include="src\Core\Renderer\ShaderInputLayout.cpp">
      <Filter>Core\Renderer</Filter>
    </ClCompile>
    <ClCompile Include="src\Core\Renderer\ShaderManager.cpp">
      <Filter>Core\Renderer</Filter>
    </ClCompile>
    <ClCompile Include="src\Core\Renderer\SwapChain.cpp">
      <Filter>Core\Renderer</Filter>
    </ClCompile>
    <ClCompile Include="src\Core\Renderer\Texture.cpp">
      <Filter>Core\Renderer</Filter>
    </ClCompile>
    <ClCompile Include="src\Core\Renderer\TextureDepthStencil.cpp">
      <Filter>Core\Renderer</Filter>
    </ClCompile>
    <ClCompile Include="src\Core\Renderer\TextureMaterial.cpp">
      <Filter>Core\Renderer</Filter>
    </ClCompile>
    <ClCompile Include="src\Core\Renderer\TextureMaterialManager.cpp">
      <Filter>Core\Renderer</Filter>
    </ClCompile>
    <ClCompile Include="src\Core\Renderer\TextureRenderTarget.cpp">
      <Filter>Core\Renderer</Filter>
    </ClCompile>
    <ClCompile Include="src\Core\Renderer\VertexBuffer.cpp">
      <Filter>Core\Renderer</Filter>
    </ClCompile>
    <ClCompile Include="src\Core\Renderer\VertexBufferStream.cpp">
      <Filter>Core\Renderer</Filter>
    </ClCompile>
    <ClCompile Include="src\Core\Renderer\Viewport.cpp">
      <Filter>Core\Renderer</Filter>
    </ClCompile>
    <ClCompile Include="src\Core\Settings.cpp">
      <Filter>Core</Filter>
    </ClCompile>
    <ClCompile Include="src\Core\StaticInstances.cpp">
      <Filter>Core</Filter>
    </ClCompile>
    <ClCompile Include="src\Core\ThreadPool.cpp">
      <Filter>Core</Filter>
    </ClCompile>
    <ClCompile Include="src\Core\Timer.cpp">
      <Filter>Core</Filter>
    </ClCompile>
    <ClCompile Include="src\Core\TimerEngine.cpp">
      <Filter>Core</Filter>
    </ClCompile>
    <ClCompile Include="src\Core\Window.cpp">
      <Filter>Core</Filter>
    </ClCompile>
    <ClCompile Include="src\Platform\Windows\WindowsInputManager.cpp">
      <Filter>Platform\Windows</Filter>
    </ClCompile>
    <ClCompile Include="src\Platform\Windows\WindowsWindow.cpp">
      <Filter>Platform\Windows</Filter>
    </ClCompile>
    <ClCompile Include="src\pch.cpp" />
    <ClCompile Include="src\Core\Entity\PickingEntity.cpp" />
  </ItemGroup>
</Project>