<?xml version="1.0" encoding="utf-8"?>
<Project ToolsVersion="4.0" xmlns="http://schemas.microsoft.com/developer/msbuild/2003">
  <ItemGroup>
    <Filter Include="API">
      <UniqueIdentifier>{FFD1870B-6BDB-877C-F456-9E7C605F937C}</UniqueIdentifier>
    </Filter>
    <Filter Include="API\DX12">
      <UniqueIdentifier>{AD2F5F34-99FC-B93F-C215-A8E7AE41EFCD}</UniqueIdentifier>
    </Filter>
    <Filter Include="Core">
      <UniqueIdentifier>{2EB4837C-1AEB-840D-C3D7-6A10AFED000F}</UniqueIdentifier>
    </Filter>
    <Filter Include="Core\Entity">
      <UniqueIdentifier>{BA809273-2636-0B69-AF2A-05401BDF016D}</UniqueIdentifier>
    </Filter>
    <Filter Include="Core\Entity\Camera">
      <UniqueIdentifier>{F2BFEAD2-DEA3-AB28-4704-A67B330796AA}</UniqueIdentifier>
    </Filter>
    <Filter Include="Core\Event">
      <UniqueIdentifier>{FF1F37CD-EBD7-781A-54DF-517640B6130B}</UniqueIdentifier>
    </Filter>
    <Filter Include="Core\GPU">
      <UniqueIdentifier>{A91999C2-95E6-F3CD-BEFF-E175AA2B295C}</UniqueIdentifier>
    </Filter>
    <Filter Include="Core\ImGui">
      <UniqueIdentifier>{D8137ACD-C4CB-BB1A-2DD3-947619AA560B}</UniqueIdentifier>
    </Filter>
    <Filter Include="Core\Input">
      <UniqueIdentifier>{AD4E7BCD-9906-BD1A-020E-9676EEE4570B}</UniqueIdentifier>
    </Filter>
    <Filter Include="Platform">
      <UniqueIdentifier>{2AC788B4-1694-E3BF-3FAD-D1672BD9184E}</UniqueIdentifier>
    </Filter>
    <Filter Include="Platform\Windows">
      <UniqueIdentifier>{64FBD71A-50F4-F66C-7926-DCF1657ED678}</UniqueIdentifier>
    </Filter>
  </ItemGroup>
  <ItemGroup>
    <ClInclude Include="src\API\DX12\CommandAllocator.h">
      <Filter>API\DX12</Filter>
    </ClInclude>
    <ClInclude Include="src\API\DX12\CommandList.h">
      <Filter>API\DX12</Filter>
    </ClInclude>
    <ClInclude Include="src\API\DX12\CommandQueue.h">
      <Filter>API\DX12</Filter>
    </ClInclude>
    <ClInclude Include="src\API\DX12\DescriptorHeap.h">
      <Filter>API\DX12</Filter>
    </ClInclude>
    <ClInclude Include="src\API\DX12\Fence.h">
      <Filter>API\DX12</Filter>
    </ClInclude>
    <ClInclude Include="src\API\DX12\FrameContext.h">
      <Filter>API\DX12</Filter>
    </ClInclude>
    <ClInclude Include="src\API\DX12\GDeviceDX12.h">
      <Filter>API\DX12</Filter>
    </ClInclude>
    <ClInclude Include="src\API\DX12\ImGuiLayerDX12.h">
      <Filter>API\DX12</Filter>
    </ClInclude>
    <ClInclude Include="src\API\IDXGI.h">
      <Filter>API</Filter>
    </ClInclude>
    <ClInclude Include="src\Core\Application.h">
      <Filter>Core</Filter>
    </ClInclude>
    <ClInclude Include="src\Core\Entity\Camera\CameraOrthographic.h">
      <Filter>Core\Entity\Camera</Filter>
    </ClInclude>
    <ClInclude Include="src\Core\Entity\Camera\CameraPerspective.h">
      <Filter>Core\Entity\Camera</Filter>
    </ClInclude>
    <ClInclude Include="src\Core\Entity\Camera\ICamera.h">
      <Filter>Core\Entity\Camera</Filter>
    </ClInclude>
    <ClInclude Include="src\Core\EntryPoint.h">
      <Filter>Core</Filter>
    </ClInclude>
    <ClInclude Include="src\Core\Event\Event.h">
      <Filter>Core\Event</Filter>
    </ClInclude>
    <ClInclude Include="src\Core\Event\EventApplication.h">
      <Filter>Core\Event</Filter>
    </ClInclude>
    <ClInclude Include="src\Core\Event\EventKey.h">
      <Filter>Core\Event</Filter>
    </ClInclude>
    <ClInclude Include="src\Core\Event\EventMouse.h">
      <Filter>Core\Event</Filter>
    </ClInclude>
    <ClInclude Include="src\Core\GPU\GDevice.h">
      <Filter>Core\GPU</Filter>
    </ClInclude>
    <ClInclude Include="src\Core\ImGui\ImGuiLayer.h">
      <Filter>Core\ImGui</Filter>
    </ClInclude>
    <ClInclude Include="src\Core\Input\InputManager.h">
      <Filter>Core\Input</Filter>
    </ClInclude>
    <ClInclude Include="src\Core\Input\KeyCodes.h">
      <Filter>Core\Input</Filter>
    </ClInclude>
    <ClInclude Include="src\Core\Input\Mouse.h">
      <Filter>Core\Input</Filter>
    </ClInclude>
    <ClInclude Include="src\Core\Input\MouseButtons.h">
      <Filter>Core\Input</Filter>
    </ClInclude>
    <ClInclude Include="src\Core\Layer.h">
      <Filter>Core</Filter>
    </ClInclude>
    <ClInclude Include="src\Core\LayerStack.h">
      <Filter>Core</Filter>
    </ClInclude>
    <ClInclude Include="src\Core\Log.h">
      <Filter>Core</Filter>
    </ClInclude>
    <ClInclude Include="src\Core\ThreadPool.h">
      <Filter>Core</Filter>
    </ClInclude>
    <ClInclude Include="src\Core\TimerEngine.h">
      <Filter>Core</Filter>
    </ClInclude>
    <ClInclude Include="src\Core\TimerProfile.h">
      <Filter>Core</Filter>
    </ClInclude>
    <ClInclude Include="src\Core\TruthEngine.Core.h">
      <Filter>Core</Filter>
    </ClInclude>
    <ClInclude Include="src\Core\Window.h">
      <Filter>Core</Filter>
    </ClInclude>
    <ClInclude Include="src\Platform\Windows\WindowWindows.h">
      <Filter>Platform\Windows</Filter>
    </ClInclude>
    <ClInclude Include="src\TruthEngine.h" />
    <ClInclude Include="src\lib.h" />
    <ClInclude Include="src\pch.h" />
    <ClInclude Include="src\API\DX12\SwapChainDX12.h">
      <Filter>API\DX12</Filter>
    </ClInclude>
    <ClInclude Include="src\Core\SwapChain.h" />
  </ItemGroup>
  <ItemGroup>
    <ClCompile Include="src\API\DX12\CommandAllocator.cpp">
      <Filter>API\DX12</Filter>
    </ClCompile>
    <ClCompile Include="src\API\DX12\CommandList.cpp">
      <Filter>API\DX12</Filter>
    </ClCompile>
    <ClCompile Include="src\API\DX12\CommandQueue.cpp">
      <Filter>API\DX12</Filter>
    </ClCompile>
    <ClCompile Include="src\API\DX12\DescriptorHeap.cpp">
      <Filter>API\DX12</Filter>
    </ClCompile>
    <ClCompile Include="src\API\DX12\Fence.cpp">
      <Filter>API\DX12</Filter>
    </ClCompile>
    <ClCompile Include="src\API\DX12\FrameContext.cpp">
      <Filter>API\DX12</Filter>
    </ClCompile>
    <ClCompile Include="src\API\DX12\GDeviceDX12.cpp">
      <Filter>API\DX12</Filter>
    </ClCompile>
    <ClCompile Include="src\API\DX12\ImGuiLayerDX12.cpp">
      <Filter>API\DX12</Filter>
    </ClCompile>
    <ClCompile Include="src\API\IDXGI.cpp">
      <Filter>API</Filter>
    </ClCompile>
    <ClCompile Include="src\Core\Application.cpp">
      <Filter>Core</Filter>
    </ClCompile>
    <ClCompile Include="src\Core\Entity\Camera\CameraOrthographic.cpp">
      <Filter>Core\Entity\Camera</Filter>
    </ClCompile>
    <ClCompile Include="src\Core\Entity\Camera\CameraPerspective.cpp">
      <Filter>Core\Entity\Camera</Filter>
    </ClCompile>
    <ClCompile Include="src\Core\Entity\Camera\ICamera.cpp">
      <Filter>Core\Entity\Camera</Filter>
    </ClCompile>
    <ClCompile Include="src\Core\Event\Event.cpp">
      <Filter>Core\Event</Filter>
    </ClCompile>
    <ClCompile Include="src\Core\Event\EventApplication.cpp">
      <Filter>Core\Event</Filter>
    </ClCompile>
    <ClCompile Include="src\Core\Event\EventKey.cpp">
      <Filter>Core\Event</Filter>
    </ClCompile>
    <ClCompile Include="src\Core\Event\EventMouse.cpp">
      <Filter>Core\Event</Filter>
    </ClCompile>
    <ClCompile Include="src\Core\Input\InputManager.cpp">
      <Filter>Core\Input</Filter>
    </ClCompile>
    <ClCompile Include="src\Core\Input\Mouse.cpp">
      <Filter>Core\Input</Filter>
    </ClCompile>
    <ClCompile Include="src\Core\Layer.cpp">
      <Filter>Core</Filter>
    </ClCompile>
    <ClCompile Include="src\Core\LayerStack.cpp">
      <Filter>Core</Filter>
    </ClCompile>
    <ClCompile Include="src\Core\Log.cpp">
      <Filter>Core</Filter>
    </ClCompile>
    <ClCompile Include="src\Core\ThreadPool.cpp">
      <Filter>Core</Filter>
    </ClCompile>
    <ClCompile Include="src\Core\TimerEngine.cpp">
      <Filter>Core</Filter>
    </ClCompile>
    <ClCompile Include="src\Core\TimerProfile.cpp">
      <Filter>Core</Filter>
    </ClCompile>
    <ClCompile Include="src\Core\Window.cpp">
      <Filter>Core</Filter>
    </ClCompile>
    <ClCompile Include="src\Platform\Windows\WindowInputManager.cpp">
      <Filter>Platform\Windows</Filter>
    </ClCompile>
    <ClCompile Include="src\Platform\Windows\WindowWindows.cpp">
      <Filter>Platform\Windows</Filter>
    </ClCompile>
    <ClCompile Include="src\pch.cpp" />
    <ClCompile Include="src\API\DX12\SwapChainDX12.cpp">
      <Filter>API\DX12</Filter>
    </ClCompile>
    <ClCompile Include="src\Core\SwapChain.cpp" />
  </ItemGroup>
</Project>