
Microsoft Visual Studio Solution File, Format Version 12.00
# Visual Studio Version 16
VisualStudioVersion = 16.0.30413.136
MinimumVisualStudioVersion = 10.0.40219.1
Project("{8BC9CEB8-8B4A-11D0-8D11-00A0C91BC942}") = "TruthEngineDX12", "TruthEngineDX12\TruthEngineDX12.vcxproj", "{34334296-831A-4498-889F-47274692E7D2}"
EndProject
Project("{8BC9CEB8-8B4A-11D0-8D11-00A0C91BC942}") = "TruthEngineWin32App", "TruthEngineWin32App\TruthEngineWin32App.vcxproj", "{7117C3BB-59B9-450F-BAAB-C6147080C729}"
EndProject
Project("{8BC9CEB8-8B4A-11D0-8D11-00A0C91BC942}") = "TruthEngineCore", "TruthEngineCore\TruthEngineCore.vcxproj", "{23F47938-4468-490A-B4FA-4BB6DEF8D85E}"
EndProject
Project("{8BC9CEB8-8B4A-11D0-8D11-00A0C91BC942}") = "TruthEngineConsoleApp", "TruthEngineConsoleApp\TruthEngineConsoleApp.vcxproj", "{B24823BA-0FB4-463D-9992-06507D6F1B7B}"
EndProject
Global
	GlobalSection(SolutionConfigurationPlatforms) = preSolution
		Debug|x64 = Debug|x64
		Release|x64 = Release|x64
	EndGlobalSection
	GlobalSection(ProjectConfigurationPlatforms) = postSolution
		{34334296-831A-4498-889F-47274692E7D2}.Debug|x64.ActiveCfg = Debug|x64
		{34334296-831A-4498-889F-47274692E7D2}.Debug|x64.Build.0 = Debug|x64
		{34334296-831A-4498-889F-47274692E7D2}.Release|x64.ActiveCfg = Release|x64
		{34334296-831A-4498-889F-47274692E7D2}.Release|x64.Build.0 = Release|x64
		{7117C3BB-59B9-450F-BAAB-C6147080C729}.Debug|x64.ActiveCfg = Debug|x64
		{7117C3BB-59B9-450F-BAAB-C6147080C729}.Debug|x64.Build.0 = Debug|x64
		{7117C3BB-59B9-450F-BAAB-C6147080C729}.Release|x64.ActiveCfg = Release|x64
		{7117C3BB-59B9-450F-BAAB-C6147080C729}.Release|x64.Build.0 = Release|x64
		{23F47938-4468-490A-B4FA-4BB6DEF8D85E}.Debug|x64.ActiveCfg = Debug|x64
		{23F47938-4468-490A-B4FA-4BB6DEF8D85E}.Debug|x64.Build.0 = Debug|x64
		{23F47938-4468-490A-B4FA-4BB6DEF8D85E}.Release|x64.ActiveCfg = Release|x64
		{23F47938-4468-490A-B4FA-4BB6DEF8D85E}.Release|x64.Build.0 = Release|x64
		{B24823BA-0FB4-463D-9992-06507D6F1B7B}.Debug|x64.ActiveCfg = Debug|x64
		{B24823BA-0FB4-463D-9992-06507D6F1B7B}.Debug|x64.Build.0 = Debug|x64
		{B24823BA-0FB4-463D-9992-06507D6F1B7B}.Release|x64.ActiveCfg = Release|x64
		{B24823BA-0FB4-463D-9992-06507D6F1B7B}.Release|x64.Build.0 = Release|x64
	EndGlobalSection
	GlobalSection(SolutionProperties) = preSolution
		HideSolutionNode = FALSE
	EndGlobalSection
	GlobalSection(ExtensibilityGlobals) = postSolution
		SolutionGuid = {D6781D19-8A40-40C9-9578-63DC9B55692C}
	EndGlobalSection
EndGlobal
