
Microsoft Visual Studio Solution File, Format Version 12.00
# Visual Studio Version 16
VisualStudioVersion = 16.0.31105.61
MinimumVisualStudioVersion = 10.0.40219.1
Project("{8BC9CEB8-8B4A-11D0-8D11-00A0C91BC942}") = "TruthEngine.Editor", "TruthEngine.Editor\TruthEngine.Editor.vcxproj", "{074F2C04-F332-ED59-5C93-E7AC4896D7DB}"
EndProject
Project("{8BC9CEB8-8B4A-11D0-8D11-00A0C91BC942}") = "ImGui", "Dependencies\imgui\ImGui.vcxproj", "{C0FF640D-2C14-8DBE-F595-301E616989EF}"
EndProject
Project("{8BC9CEB8-8B4A-11D0-8D11-00A0C91BC942}") = "TruthEngine.Core", "TruthEngine.Core\TruthEngine.Core.vcxproj", "{E98D72D9-D586-912B-FEB8-76B0EA107137}"
EndProject
Global
	GlobalSection(SolutionConfigurationPlatforms) = preSolution
		Debug|x64 = Debug|x64
		Dist|x64 = Dist|x64
		Release|x64 = Release|x64
	EndGlobalSection
	GlobalSection(ProjectConfigurationPlatforms) = postSolution
		{074F2C04-F332-ED59-5C93-E7AC4896D7DB}.Debug|x64.ActiveCfg = Debug|x64
		{074F2C04-F332-ED59-5C93-E7AC4896D7DB}.Debug|x64.Build.0 = Debug|x64
		{074F2C04-F332-ED59-5C93-E7AC4896D7DB}.Dist|x64.ActiveCfg = Dist|x64
		{074F2C04-F332-ED59-5C93-E7AC4896D7DB}.Dist|x64.Build.0 = Dist|x64
		{074F2C04-F332-ED59-5C93-E7AC4896D7DB}.Release|x64.ActiveCfg = Release|x64
		{074F2C04-F332-ED59-5C93-E7AC4896D7DB}.Release|x64.Build.0 = Release|x64
		{C0FF640D-2C14-8DBE-F595-301E616989EF}.Debug|x64.ActiveCfg = Debug|x64
		{C0FF640D-2C14-8DBE-F595-301E616989EF}.Debug|x64.Build.0 = Debug|x64
		{C0FF640D-2C14-8DBE-F595-301E616989EF}.Dist|x64.ActiveCfg = Dist|x64
		{C0FF640D-2C14-8DBE-F595-301E616989EF}.Dist|x64.Build.0 = Dist|x64
		{C0FF640D-2C14-8DBE-F595-301E616989EF}.Release|x64.ActiveCfg = Release|x64
		{C0FF640D-2C14-8DBE-F595-301E616989EF}.Release|x64.Build.0 = Release|x64
		{E98D72D9-D586-912B-FEB8-76B0EA107137}.Debug|x64.ActiveCfg = Debug|x64
		{E98D72D9-D586-912B-FEB8-76B0EA107137}.Debug|x64.Build.0 = Debug|x64
		{E98D72D9-D586-912B-FEB8-76B0EA107137}.Dist|x64.ActiveCfg = Dist|x64
		{E98D72D9-D586-912B-FEB8-76B0EA107137}.Dist|x64.Build.0 = Dist|x64
		{E98D72D9-D586-912B-FEB8-76B0EA107137}.Release|x64.ActiveCfg = Release|x64
		{E98D72D9-D586-912B-FEB8-76B0EA107137}.Release|x64.Build.0 = Release|x64
	EndGlobalSection
	GlobalSection(SolutionProperties) = preSolution
		HideSolutionNode = FALSE
	EndGlobalSection
	GlobalSection(ExtensibilityGlobals) = postSolution
		SolutionGuid = {8D65A1BF-3392-483A-A04B-CF149F888FE3}
	EndGlobalSection
EndGlobal
