<?xml version="1.0" encoding="utf-8"?>
<Project ToolsVersion="4.0" xmlns="http://schemas.microsoft.com/developer/msbuild/2003">
  <ItemGroup>
    <Filter Include="Editor">
      <UniqueIdentifier>{8C1A20B0-78BC-4A86-6177-5EDA4DB8D1D6}</UniqueIdentifier>
    </Filter>
    <Filter Include="Editor\Panels">
      <UniqueIdentifier>{5E756613-CA35-E249-9370-2BC7FFEF2626}</UniqueIdentifier>
    </Filter>
  </ItemGroup>
  <ItemGroup>
    <ClInclude Include="src\Editor\EditorApp.h">
      <Filter>Editor</Filter>
    </ClInclude>
    <ClInclude Include="src\Editor\Panels\EntityPropertyPanel.h">
      <Filter>Editor\Panels</Filter>
    </ClInclude>
    <ClInclude Include="src\Editor\Panels\SceneHierarchyPanel.h">
      <Filter>Editor\Panels</Filter>
    </ClInclude>
  </ItemGroup>
  <ItemGroup>
    <ClCompile Include="src\Editor\EditorApp.cpp">
      <Filter>Editor</Filter>
    </ClCompile>
    <ClCompile Include="src\Editor\Panels\EntityPropertyPanel.cpp">
      <Filter>Editor\Panels</Filter>
    </ClCompile>
    <ClCompile Include="src\Editor\Panels\SceneHierarchyPanel.cpp">
      <Filter>Editor\Panels</Filter>
    </ClCompile>
    <ClCompile Include="src\pch.cpp" />
  </ItemGroup>
  <ItemGroup>
    <FxCompile Include="Assets\Shaders\GenerateIBLSpecular_PrefilterEnvironment.hlsl" />
    <FxCompile Include="Assets\Shaders\GenerateIBLSpecular_PrecomputeBRDF.hlsl" />
    <FxCompile Include="Assets\Shaders\GenerateGBuffersPBR.hlsl" />
    <FxCompile Include="Assets\Shaders\DeferredShadingPBR.hlsl" />
    <FxCompile Include="Assets\Shaders\GenerateSSAO.hlsl" />
    <FxCompile Include="Assets\Shaders\SSAOBlur.hlsl" />
    <FxCompile Include="Assets\Shaders\RenderEntityIcon.hlsl" />
    <FxCompile Include="Assets\Shaders\RenderWireframe.hlsl" />
  </ItemGroup>
</Project>